
Microsoft Visual Studio Solution File, Format Version 12.00
# Visual Studio 15
Project("{FAE04EC0-301F-11D3-BF4B-00C04F79EFBC}") = "Uni3_1", "Uni3_1\Uni3_1.csproj", "{56C726F6-23D1-46D9-B453-6AED8C59AA92}"
EndProject
Global
	GlobalSection(SolutionConfigurationPlatforms) = preSolution
		Debug|Any CPU = Debug|Any CPU
		Release|Any CPU = Release|Any CPU
	EndGlobalSection
	GlobalSection(ProjectConfigurationPlatforms) = postSolution
		{56C726F6-23D1-46D9-B453-6AED8C59AA92}.Debug|Any CPU.ActiveCfg = Debug|Any CPU
		{56C726F6-23D1-46D9-B453-6AED8C59AA92}.Debug|Any CPU.Build.0 = Debug|Any CPU
		{56C726F6-23D1-46D9-B453-6AED8C59AA92}.Release|Any CPU.ActiveCfg = Release|Any CPU
		{56C726F6-23D1-46D9-B453-6AED8C59AA92}.Release|Any CPU.Build.0 = Release|Any CPU
	EndGlobalSection
EndGlobal
